
Microsoft Visual Studio Solution File, Format Version 12.00
# Visual Studio Version 16
VisualStudioVersion = 16.0.29123.88
MinimumVisualStudioVersion = 10.0.40219.1
Project("{9A19103F-16F7-4668-BE54-9A1E7A4F7556}") = "PushNotification", "PushNotification\PushNotification.csproj", "{23DFF268-A57D-4DE0-9C2B-64615664E869}"
EndProject
Global
	GlobalSection(SolutionConfigurationPlatforms) = preSolution
		Debug|Any CPU = Debug|Any CPU
		Release|Any CPU = Release|Any CPU
	EndGlobalSection
	GlobalSection(ProjectConfigurationPlatforms) = postSolution
		{23DFF268-A57D-4DE0-9C2B-64615664E869}.Debug|Any CPU.ActiveCfg = Debug|Any CPU
		{23DFF268-A57D-4DE0-9C2B-64615664E869}.Debug|Any CPU.Build.0 = Debug|Any CPU
		{23DFF268-A57D-4DE0-9C2B-64615664E869}.Release|Any CPU.ActiveCfg = Release|Any CPU
		{23DFF268-A57D-4DE0-9C2B-64615664E869}.Release|Any CPU.Build.0 = Release|Any CPU
	EndGlobalSection
	GlobalSection(SolutionProperties) = preSolution
		HideSolutionNode = FALSE
	EndGlobalSection
	GlobalSection(ExtensibilityGlobals) = postSolution
		SolutionGuid = {628F09AE-8C20-41F7-B7C4-39AD8E35E2CF}
	EndGlobalSection
EndGlobal
